
Microsoft Visual Studio Solution File, Format Version 12.00
# Visual Studio 15
VisualStudioVersion = 15.0.28307.705
MinimumVisualStudioVersion = 10.0.40219.1
Project("{FAE04EC0-301F-11D3-BF4B-00C04F79EFBC}") = "Karaoke", "Karaoke\Karaoke.csproj", "{C63E012B-182F-49EB-BE4C-3D40E7A82063}"
EndProject
Global
	GlobalSection(SolutionConfigurationPlatforms) = preSolution
		Debug|Any CPU = Debug|Any CPU
		Release|Any CPU = Release|Any CPU
	EndGlobalSection
	GlobalSection(ProjectConfigurationPlatforms) = postSolution
		{C63E012B-182F-49EB-BE4C-3D40E7A82063}.Debug|Any CPU.ActiveCfg = Debug|Any CPU
		{C63E012B-182F-49EB-BE4C-3D40E7A82063}.Debug|Any CPU.Build.0 = Debug|Any CPU
		{C63E012B-182F-49EB-BE4C-3D40E7A82063}.Release|Any CPU.ActiveCfg = Release|Any CPU
		{C63E012B-182F-49EB-BE4C-3D40E7A82063}.Release|Any CPU.Build.0 = Release|Any CPU
	EndGlobalSection
	GlobalSection(SolutionProperties) = preSolution
		HideSolutionNode = FALSE
	EndGlobalSection
	GlobalSection(ExtensibilityGlobals) = postSolution
		SolutionGuid = {FBD80DC2-6548-4F7C-A7F3-5F69E7B4D469}
	EndGlobalSection
EndGlobal
